
Microsoft Visual Studio Solution File, Format Version 12.00
# Visual Studio Version 16
VisualStudioVersion = 16.0.31911.196
MinimumVisualStudioVersion = 10.0.40219.1
Project("{FAE04EC0-301F-11D3-BF4B-00C04F79EFBC}") = "AnandWebAPITemplate", "AnandWebAPITemplate\AnandWebAPITemplate.csproj", "{90BEE70A-D5BF-4E2F-ABFB-5B606F6B9F25}"
EndProject
Global
	GlobalSection(SolutionConfigurationPlatforms) = preSolution
		Debug|Any CPU = Debug|Any CPU
		Release|Any CPU = Release|Any CPU
	EndGlobalSection
	GlobalSection(ProjectConfigurationPlatforms) = postSolution
		{90BEE70A-D5BF-4E2F-ABFB-5B606F6B9F25}.Debug|Any CPU.ActiveCfg = Debug|Any CPU
		{90BEE70A-D5BF-4E2F-ABFB-5B606F6B9F25}.Debug|Any CPU.Build.0 = Debug|Any CPU
		{90BEE70A-D5BF-4E2F-ABFB-5B606F6B9F25}.Release|Any CPU.ActiveCfg = Release|Any CPU
		{90BEE70A-D5BF-4E2F-ABFB-5B606F6B9F25}.Release|Any CPU.Build.0 = Release|Any CPU
	EndGlobalSection
	GlobalSection(SolutionProperties) = preSolution
		HideSolutionNode = FALSE
	EndGlobalSection
	GlobalSection(ExtensibilityGlobals) = postSolution
		SolutionGuid = {AE5E96CE-4DFF-46E5-9453-705B08C41886}
	EndGlobalSection
EndGlobal
